
Microsoft Visual Studio Solution File, Format Version 12.00
# Visual Studio 14
VisualStudioVersion = 14.0.25420.1
MinimumVisualStudioVersion = 10.0.40219.1
Project("{FAE04EC0-301F-11D3-BF4B-00C04F79EFBC}") = "A007_WPF", "A007_WPF\A007_WPF.csproj", "{469A9EE3-49FD-40A7-BC50-E13B0D488B6C}"
EndProject
Project("{FAE04EC0-301F-11D3-BF4B-00C04F79EFBC}") = "008_TextBox", "008_TextBox\008_TextBox.csproj", "{2D0D32C5-053D-454D-8A85-2DA4B7457CEB}"
EndProject
Project("{FAE04EC0-301F-11D3-BF4B-00C04F79EFBC}") = "A009_Login", "A009_Login\A009_Login.csproj", "{7FCFD54B-7D7E-4CB5-BF67-537309E80BE0}"
EndProject
Project("{FAE04EC0-301F-11D3-BF4B-00C04F79EFBC}") = "A010_GridSplit", "A010_GridSplit\A010_GridSplit.csproj", "{9B2E675C-7FCC-48CF-B274-CA5CD7A06EB1}"
EndProject
Project("{FAE04EC0-301F-11D3-BF4B-00C04F79EFBC}") = "A011_GridEx", "A011_GridEx\A011_GridEx.csproj", "{2A1AF6CE-E5E1-46FD-8266-C3A77BA871E7}"
EndProject
Project("{FAE04EC0-301F-11D3-BF4B-00C04F79EFBC}") = "A012_Login", "A012_Login\A012_Login.csproj", "{D35A5D07-56A6-46DB-B681-00A6F58D170F}"
EndProject
Project("{FAE04EC0-301F-11D3-BF4B-00C04F79EFBC}") = "A013_SimpleCalc", "A013_SimpleCalc\A013_SimpleCalc.csproj", "{EAF8368B-7A47-4C68-86DD-CCA527D761E4}"
EndProject
Project("{FAE04EC0-301F-11D3-BF4B-00C04F79EFBC}") = "A014_array", "A014_array\A014_array.csproj", "{0D0DD593-6F62-4FCE-BC42-4AD3EC72B3CC}"
EndProject
Project("{FAE04EC0-301F-11D3-BF4B-00C04F79EFBC}") = "A015_GradeCal", "A015_GradeCal\A015_GradeCal.csproj", "{F18B2814-22BC-4977-B643-C2D33A716794}"
EndProject
Project("{FAE04EC0-301F-11D3-BF4B-00C04F79EFBC}") = "A016_GradeCalc", "A016_GradeCalc\A016_GradeCalc.csproj", "{E02BB8F8-0955-4AE7-BC69-1FC9554150A4}"
EndProject
Project("{FAE04EC0-301F-11D3-BF4B-00C04F79EFBC}") = "A018_WPFCalc", "A018_WPFCalc\A018_WPFCalc.csproj", "{676B4393-8A77-4EE6-83AC-24FC7782A9EE}"
EndProject
Project("{FAE04EC0-301F-11D3-BF4B-00C04F79EFBC}") = "A019_Omok", "A019_Omok\A019_Omok.csproj", "{7A8C7E6B-097F-4282-B48E-C7A85ACDFD34}"
EndProject
Project("{FAE04EC0-301F-11D3-BF4B-00C04F79EFBC}") = "A020_List", "A020_List\A020_List.csproj", "{11FE948C-A38E-42F5-A4F5-A02F661C7206}"
EndProject
Project("{FAE04EC0-301F-11D3-BF4B-00C04F79EFBC}") = "A021_Database", "A021_Database\A021_Database.csproj", "{B1233824-051C-4414-9894-07AF055C3A17}"
EndProject
Project("{FAE04EC0-301F-11D3-BF4B-00C04F79EFBC}") = "A022_ListArray", "A022_ListArray\A022_ListArray.csproj", "{13855EC1-2175-4493-903E-17542EA21B93}"
EndProject
Project("{FAE04EC0-301F-11D3-BF4B-00C04F79EFBC}") = "A023_Class", "A023_Class\A023_Class.csproj", "{350FA9C6-E546-4F3F-AFA4-9CC229A1A269}"
EndProject
Project("{FAE04EC0-301F-11D3-BF4B-00C04F79EFBC}") = "A024_Susi3(RandomArray)", "A024_Susi3(RandomArray)\A024_Susi3(RandomArray).csproj", "{A57764E5-8E2C-4C54-B74C-095BE76229C7}"
EndProject
Project("{FAE04EC0-301F-11D3-BF4B-00C04F79EFBC}") = "A025_SnakeBite", "A025_SnakeBite\A025_SnakeBite.csproj", "{2BA80EE2-2F69-4DDC-B7E1-6D6A2DBC2DB9}"
EndProject
Project("{FAE04EC0-301F-11D3-BF4B-00C04F79EFBC}") = "A025_susiPractice", "A026_susiPractice\A025_susiPractice.csproj", "{883BC2C5-6F70-439A-AC67-7475528D8232}"
EndProject
Project("{FAE04EC0-301F-11D3-BF4B-00C04F79EFBC}") = "A027_EcgPpg", "A027_EcgPpg\A027_EcgPpg.csproj", "{1FF61320-151E-47A9-8C9D-1ECB16D7F026}"
EndProject
Project("{FAE04EC0-301F-11D3-BF4B-00C04F79EFBC}") = "A028_dClock", "A028_dClock\A028_dClock.csproj", "{0A34F707-99B1-4257-A258-D614C32E7688}"
EndProject
Project("{FAE04EC0-301F-11D3-BF4B-00C04F79EFBC}") = "A029_FormDClock", "A029_FormDClock\A029_FormDClock.csproj", "{E815F298-EAAB-4965-9957-B4081AB7E175}"
EndProject
Project("{FAE04EC0-301F-11D3-BF4B-00C04F79EFBC}") = "A030_FormClock", "A030_FormClock\A030_FormClock.csproj", "{49A57A83-8C31-41AC-867A-BE3A49C8A427}"
EndProject
Project("{FAE04EC0-301F-11D3-BF4B-00C04F79EFBC}") = "A031_WPFCalc", "A031_WPFCalc\A031_WPFCalc.csproj", "{49A639CD-CDD1-4D67-9B6D-9D6BE4F5B36E}"
EndProject
Project("{FAE04EC0-301F-11D3-BF4B-00C04F79EFBC}") = "A032_WPFClock", "A032_WPFClock\A032_WPFClock.csproj", "{03B78FC2-C3BC-4E04-8041-3D736370DEEA}"
EndProject
Project("{FAE04EC0-301F-11D3-BF4B-00C04F79EFBC}") = "A033_WPFMatchingGame", "A033_WPFMatchingGame\A033_WPFMatchingGame.csproj", "{6C80FAE6-2CE8-4781-8C71-D7398FDD861C}"
EndProject
Project("{FAE04EC0-301F-11D3-BF4B-00C04F79EFBC}") = "A034_TwoValue", "A034_TwoValue\A034_TwoValue.csproj", "{B51C6472-83CB-4471-9C0F-48C58F2DED77}"
EndProject
Global
	GlobalSection(SolutionConfigurationPlatforms) = preSolution
		Debug|Any CPU = Debug|Any CPU
		Release|Any CPU = Release|Any CPU
	EndGlobalSection
	GlobalSection(ProjectConfigurationPlatforms) = postSolution
		{469A9EE3-49FD-40A7-BC50-E13B0D488B6C}.Debug|Any CPU.ActiveCfg = Debug|Any CPU
		{469A9EE3-49FD-40A7-BC50-E13B0D488B6C}.Debug|Any CPU.Build.0 = Debug|Any CPU
		{469A9EE3-49FD-40A7-BC50-E13B0D488B6C}.Release|Any CPU.ActiveCfg = Release|Any CPU
		{469A9EE3-49FD-40A7-BC50-E13B0D488B6C}.Release|Any CPU.Build.0 = Release|Any CPU
		{2D0D32C5-053D-454D-8A85-2DA4B7457CEB}.Debug|Any CPU.ActiveCfg = Debug|Any CPU
		{2D0D32C5-053D-454D-8A85-2DA4B7457CEB}.Debug|Any CPU.Build.0 = Debug|Any CPU
		{2D0D32C5-053D-454D-8A85-2DA4B7457CEB}.Release|Any CPU.ActiveCfg = Release|Any CPU
		{2D0D32C5-053D-454D-8A85-2DA4B7457CEB}.Release|Any CPU.Build.0 = Release|Any CPU
		{7FCFD54B-7D7E-4CB5-BF67-537309E80BE0}.Debug|Any CPU.ActiveCfg = Debug|Any CPU
		{7FCFD54B-7D7E-4CB5-BF67-537309E80BE0}.Debug|Any CPU.Build.0 = Debug|Any CPU
		{7FCFD54B-7D7E-4CB5-BF67-537309E80BE0}.Release|Any CPU.ActiveCfg = Release|Any CPU
		{7FCFD54B-7D7E-4CB5-BF67-537309E80BE0}.Release|Any CPU.Build.0 = Release|Any CPU
		{9B2E675C-7FCC-48CF-B274-CA5CD7A06EB1}.Debug|Any CPU.ActiveCfg = Debug|Any CPU
		{9B2E675C-7FCC-48CF-B274-CA5CD7A06EB1}.Debug|Any CPU.Build.0 = Debug|Any CPU
		{9B2E675C-7FCC-48CF-B274-CA5CD7A06EB1}.Release|Any CPU.ActiveCfg = Release|Any CPU
		{9B2E675C-7FCC-48CF-B274-CA5CD7A06EB1}.Release|Any CPU.Build.0 = Release|Any CPU
		{2A1AF6CE-E5E1-46FD-8266-C3A77BA871E7}.Debug|Any CPU.ActiveCfg = Debug|Any CPU
		{2A1AF6CE-E5E1-46FD-8266-C3A77BA871E7}.Debug|Any CPU.Build.0 = Debug|Any CPU
		{2A1AF6CE-E5E1-46FD-8266-C3A77BA871E7}.Release|Any CPU.ActiveCfg = Release|Any CPU
		{2A1AF6CE-E5E1-46FD-8266-C3A77BA871E7}.Release|Any CPU.Build.0 = Release|Any CPU
		{D35A5D07-56A6-46DB-B681-00A6F58D170F}.Debug|Any CPU.ActiveCfg = Debug|Any CPU
		{D35A5D07-56A6-46DB-B681-00A6F58D170F}.Debug|Any CPU.Build.0 = Debug|Any CPU
		{D35A5D07-56A6-46DB-B681-00A6F58D170F}.Release|Any CPU.ActiveCfg = Release|Any CPU
		{D35A5D07-56A6-46DB-B681-00A6F58D170F}.Release|Any CPU.Build.0 = Release|Any CPU
		{EAF8368B-7A47-4C68-86DD-CCA527D761E4}.Debug|Any CPU.ActiveCfg = Debug|Any CPU
		{EAF8368B-7A47-4C68-86DD-CCA527D761E4}.Debug|Any CPU.Build.0 = Debug|Any CPU
		{EAF8368B-7A47-4C68-86DD-CCA527D761E4}.Release|Any CPU.ActiveCfg = Release|Any CPU
		{EAF8368B-7A47-4C68-86DD-CCA527D761E4}.Release|Any CPU.Build.0 = Release|Any CPU
		{0D0DD593-6F62-4FCE-BC42-4AD3EC72B3CC}.Debug|Any CPU.ActiveCfg = Debug|Any CPU
		{0D0DD593-6F62-4FCE-BC42-4AD3EC72B3CC}.Debug|Any CPU.Build.0 = Debug|Any CPU
		{0D0DD593-6F62-4FCE-BC42-4AD3EC72B3CC}.Release|Any CPU.ActiveCfg = Release|Any CPU
		{0D0DD593-6F62-4FCE-BC42-4AD3EC72B3CC}.Release|Any CPU.Build.0 = Release|Any CPU
		{F18B2814-22BC-4977-B643-C2D33A716794}.Debug|Any CPU.ActiveCfg = Debug|Any CPU
		{F18B2814-22BC-4977-B643-C2D33A716794}.Debug|Any CPU.Build.0 = Debug|Any CPU
		{F18B2814-22BC-4977-B643-C2D33A716794}.Release|Any CPU.ActiveCfg = Release|Any CPU
		{F18B2814-22BC-4977-B643-C2D33A716794}.Release|Any CPU.Build.0 = Release|Any CPU
		{E02BB8F8-0955-4AE7-BC69-1FC9554150A4}.Debug|Any CPU.ActiveCfg = Debug|Any CPU
		{E02BB8F8-0955-4AE7-BC69-1FC9554150A4}.Debug|Any CPU.Build.0 = Debug|Any CPU
		{E02BB8F8-0955-4AE7-BC69-1FC9554150A4}.Release|Any CPU.ActiveCfg = Release|Any CPU
		{E02BB8F8-0955-4AE7-BC69-1FC9554150A4}.Release|Any CPU.Build.0 = Release|Any CPU
		{676B4393-8A77-4EE6-83AC-24FC7782A9EE}.Debug|Any CPU.ActiveCfg = Debug|Any CPU
		{676B4393-8A77-4EE6-83AC-24FC7782A9EE}.Debug|Any CPU.Build.0 = Debug|Any CPU
		{676B4393-8A77-4EE6-83AC-24FC7782A9EE}.Release|Any CPU.ActiveCfg = Release|Any CPU
		{676B4393-8A77-4EE6-83AC-24FC7782A9EE}.Release|Any CPU.Build.0 = Release|Any CPU
		{7A8C7E6B-097F-4282-B48E-C7A85ACDFD34}.Debug|Any CPU.ActiveCfg = Debug|Any CPU
		{7A8C7E6B-097F-4282-B48E-C7A85ACDFD34}.Debug|Any CPU.Build.0 = Debug|Any CPU
		{7A8C7E6B-097F-4282-B48E-C7A85ACDFD34}.Release|Any CPU.ActiveCfg = Release|Any CPU
		{7A8C7E6B-097F-4282-B48E-C7A85ACDFD34}.Release|Any CPU.Build.0 = Release|Any CPU
		{11FE948C-A38E-42F5-A4F5-A02F661C7206}.Debug|Any CPU.ActiveCfg = Debug|Any CPU
		{11FE948C-A38E-42F5-A4F5-A02F661C7206}.Debug|Any CPU.Build.0 = Debug|Any CPU
		{11FE948C-A38E-42F5-A4F5-A02F661C7206}.Release|Any CPU.ActiveCfg = Release|Any CPU
		{11FE948C-A38E-42F5-A4F5-A02F661C7206}.Release|Any CPU.Build.0 = Release|Any CPU
		{B1233824-051C-4414-9894-07AF055C3A17}.Debug|Any CPU.ActiveCfg = Debug|Any CPU
		{B1233824-051C-4414-9894-07AF055C3A17}.Debug|Any CPU.Build.0 = Debug|Any CPU
		{B1233824-051C-4414-9894-07AF055C3A17}.Release|Any CPU.ActiveCfg = Release|Any CPU
		{B1233824-051C-4414-9894-07AF055C3A17}.Release|Any CPU.Build.0 = Release|Any CPU
		{13855EC1-2175-4493-903E-17542EA21B93}.Debug|Any CPU.ActiveCfg = Debug|Any CPU
		{13855EC1-2175-4493-903E-17542EA21B93}.Debug|Any CPU.Build.0 = Debug|Any CPU
		{13855EC1-2175-4493-903E-17542EA21B93}.Release|Any CPU.ActiveCfg = Release|Any CPU
		{13855EC1-2175-4493-903E-17542EA21B93}.Release|Any CPU.Build.0 = Release|Any CPU
		{350FA9C6-E546-4F3F-AFA4-9CC229A1A269}.Debug|Any CPU.ActiveCfg = Debug|Any CPU
		{350FA9C6-E546-4F3F-AFA4-9CC229A1A269}.Debug|Any CPU.Build.0 = Debug|Any CPU
		{350FA9C6-E546-4F3F-AFA4-9CC229A1A269}.Release|Any CPU.ActiveCfg = Release|Any CPU
		{350FA9C6-E546-4F3F-AFA4-9CC229A1A269}.Release|Any CPU.Build.0 = Release|Any CPU
		{A57764E5-8E2C-4C54-B74C-095BE76229C7}.Debug|Any CPU.ActiveCfg = Debug|Any CPU
		{A57764E5-8E2C-4C54-B74C-095BE76229C7}.Debug|Any CPU.Build.0 = Debug|Any CPU
		{A57764E5-8E2C-4C54-B74C-095BE76229C7}.Release|Any CPU.ActiveCfg = Release|Any CPU
		{A57764E5-8E2C-4C54-B74C-095BE76229C7}.Release|Any CPU.Build.0 = Release|Any CPU
		{2BA80EE2-2F69-4DDC-B7E1-6D6A2DBC2DB9}.Debug|Any CPU.ActiveCfg = Debug|Any CPU
		{2BA80EE2-2F69-4DDC-B7E1-6D6A2DBC2DB9}.Debug|Any CPU.Build.0 = Debug|Any CPU
		{2BA80EE2-2F69-4DDC-B7E1-6D6A2DBC2DB9}.Release|Any CPU.ActiveCfg = Release|Any CPU
		{2BA80EE2-2F69-4DDC-B7E1-6D6A2DBC2DB9}.Release|Any CPU.Build.0 = Release|Any CPU
		{883BC2C5-6F70-439A-AC67-7475528D8232}.Debug|Any CPU.ActiveCfg = Debug|Any CPU
		{883BC2C5-6F70-439A-AC67-7475528D8232}.Debug|Any CPU.Build.0 = Debug|Any CPU
		{883BC2C5-6F70-439A-AC67-7475528D8232}.Release|Any CPU.ActiveCfg = Release|Any CPU
		{883BC2C5-6F70-439A-AC67-7475528D8232}.Release|Any CPU.Build.0 = Release|Any CPU
		{1FF61320-151E-47A9-8C9D-1ECB16D7F026}.Debug|Any CPU.ActiveCfg = Debug|Any CPU
		{1FF61320-151E-47A9-8C9D-1ECB16D7F026}.Debug|Any CPU.Build.0 = Debug|Any CPU
		{1FF61320-151E-47A9-8C9D-1ECB16D7F026}.Release|Any CPU.ActiveCfg = Release|Any CPU
		{1FF61320-151E-47A9-8C9D-1ECB16D7F026}.Release|Any CPU.Build.0 = Release|Any CPU
		{0A34F707-99B1-4257-A258-D614C32E7688}.Debug|Any CPU.ActiveCfg = Debug|Any CPU
		{0A34F707-99B1-4257-A258-D614C32E7688}.Debug|Any CPU.Build.0 = Debug|Any CPU
		{0A34F707-99B1-4257-A258-D614C32E7688}.Release|Any CPU.ActiveCfg = Release|Any CPU
		{0A34F707-99B1-4257-A258-D614C32E7688}.Release|Any CPU.Build.0 = Release|Any CPU
		{E815F298-EAAB-4965-9957-B4081AB7E175}.Debug|Any CPU.ActiveCfg = Debug|Any CPU
		{E815F298-EAAB-4965-9957-B4081AB7E175}.Debug|Any CPU.Build.0 = Debug|Any CPU
		{E815F298-EAAB-4965-9957-B4081AB7E175}.Release|Any CPU.ActiveCfg = Release|Any CPU
		{E815F298-EAAB-4965-9957-B4081AB7E175}.Release|Any CPU.Build.0 = Release|Any CPU
		{49A57A83-8C31-41AC-867A-BE3A49C8A427}.Debug|Any CPU.ActiveCfg = Debug|Any CPU
		{49A57A83-8C31-41AC-867A-BE3A49C8A427}.Debug|Any CPU.Build.0 = Debug|Any CPU
		{49A57A83-8C31-41AC-867A-BE3A49C8A427}.Release|Any CPU.ActiveCfg = Release|Any CPU
		{49A57A83-8C31-41AC-867A-BE3A49C8A427}.Release|Any CPU.Build.0 = Release|Any CPU
		{49A639CD-CDD1-4D67-9B6D-9D6BE4F5B36E}.Debug|Any CPU.ActiveCfg = Debug|Any CPU
		{49A639CD-CDD1-4D67-9B6D-9D6BE4F5B36E}.Debug|Any CPU.Build.0 = Debug|Any CPU
		{49A639CD-CDD1-4D67-9B6D-9D6BE4F5B36E}.Release|Any CPU.ActiveCfg = Release|Any CPU
		{49A639CD-CDD1-4D67-9B6D-9D6BE4F5B36E}.Release|Any CPU.Build.0 = Release|Any CPU
		{03B78FC2-C3BC-4E04-8041-3D736370DEEA}.Debug|Any CPU.ActiveCfg = Debug|Any CPU
		{03B78FC2-C3BC-4E04-8041-3D736370DEEA}.Debug|Any CPU.Build.0 = Debug|Any CPU
		{03B78FC2-C3BC-4E04-8041-3D736370DEEA}.Release|Any CPU.ActiveCfg = Release|Any CPU
		{03B78FC2-C3BC-4E04-8041-3D736370DEEA}.Release|Any CPU.Build.0 = Release|Any CPU
		{6C80FAE6-2CE8-4781-8C71-D7398FDD861C}.Debug|Any CPU.ActiveCfg = Debug|Any CPU
		{6C80FAE6-2CE8-4781-8C71-D7398FDD861C}.Debug|Any CPU.Build.0 = Debug|Any CPU
		{6C80FAE6-2CE8-4781-8C71-D7398FDD861C}.Release|Any CPU.ActiveCfg = Release|Any CPU
		{6C80FAE6-2CE8-4781-8C71-D7398FDD861C}.Release|Any CPU.Build.0 = Release|Any CPU
		{B51C6472-83CB-4471-9C0F-48C58F2DED77}.Debug|Any CPU.ActiveCfg = Debug|Any CPU
		{B51C6472-83CB-4471-9C0F-48C58F2DED77}.Debug|Any CPU.Build.0 = Debug|Any CPU
		{B51C6472-83CB-4471-9C0F-48C58F2DED77}.Release|Any CPU.ActiveCfg = Release|Any CPU
		{B51C6472-83CB-4471-9C0F-48C58F2DED77}.Release|Any CPU.Build.0 = Release|Any CPU
	EndGlobalSection
	GlobalSection(SolutionProperties) = preSolution
		HideSolutionNode = FALSE
	EndGlobalSection
EndGlobal
